
Microsoft Visual Studio Solution File, Format Version 12.00
# Visual Studio Version 17
VisualStudioVersion = 17.6.33815.320
MinimumVisualStudioVersion = 10.0.40219.1
Project("{FAE04EC0-301F-11D3-BF4B-00C04F79EFBC}") = "Calculator_spirala", "Calculator_spirala.csproj", "{28EADE47-9EB0-4F6F-9D97-7EDE4CDF0755}"
EndProject
Global
	GlobalSection(SolutionConfigurationPlatforms) = preSolution
		Debug|Any CPU = Debug|Any CPU
		Release|Any CPU = Release|Any CPU
	EndGlobalSection
	GlobalSection(ProjectConfigurationPlatforms) = postSolution
		{28EADE47-9EB0-4F6F-9D97-7EDE4CDF0755}.Debug|Any CPU.ActiveCfg = Debug|Any CPU
		{28EADE47-9EB0-4F6F-9D97-7EDE4CDF0755}.Debug|Any CPU.Build.0 = Debug|Any CPU
		{28EADE47-9EB0-4F6F-9D97-7EDE4CDF0755}.Release|Any CPU.ActiveCfg = Release|Any CPU
		{28EADE47-9EB0-4F6F-9D97-7EDE4CDF0755}.Release|Any CPU.Build.0 = Release|Any CPU
	EndGlobalSection
	GlobalSection(SolutionProperties) = preSolution
		HideSolutionNode = FALSE
	EndGlobalSection
	GlobalSection(ExtensibilityGlobals) = postSolution
		SolutionGuid = {B8E27DC2-34BA-4492-B3B2-B7BA2566812A}
	EndGlobalSection
EndGlobal
